
Microsoft Visual Studio Solution File, Format Version 11.00
# Visual Studio 2010
Project("{FAE04EC0-301F-11D3-BF4B-00C04F79EFBC}") = "Leap_Motion_test1", "Assembly-CSharp-firstpass.csproj", "{0C987FCF-71D1-5E75-398C-036648243B9C}"
EndProject
Project("{FAE04EC0-301F-11D3-BF4B-00C04F79EFBC}") = "Leap_Motion_test1", "Assembly-CSharp.csproj", "{CD964735-A052-86C4-78C0-45E83C3EBD37}"
EndProject
Project("{FAE04EC0-301F-11D3-BF4B-00C04F79EFBC}") = "Leap_Motion_test1", "Assembly-CSharp-Editor-firstpass.csproj", "{85409AED-786B-18D3-031E-C95FA7E978BA}"
EndProject
Project("{FAE04EC0-301F-11D3-BF4B-00C04F79EFBC}") = "Leap_Motion_test1", "Assembly-CSharp-Editor.csproj", "{0F27F229-844B-9FCF-3FFB-2014F8D95B61}"
EndProject
Global
	GlobalSection(SolutionConfigurationPlatforms) = preSolution
		Debug|Any CPU = Debug|Any CPU
		Release|Any CPU = Release|Any CPU
	EndGlobalSection
	GlobalSection(ProjectConfigurationPlatforms) = postSolution
		{0C987FCF-71D1-5E75-398C-036648243B9C}.Debug|Any CPU.ActiveCfg = Debug|Any CPU
		{0C987FCF-71D1-5E75-398C-036648243B9C}.Debug|Any CPU.Build.0 = Debug|Any CPU
		{0C987FCF-71D1-5E75-398C-036648243B9C}.Release|Any CPU.ActiveCfg = Release|Any CPU
		{0C987FCF-71D1-5E75-398C-036648243B9C}.Release|Any CPU.Build.0 = Release|Any CPU
		{CD964735-A052-86C4-78C0-45E83C3EBD37}.Debug|Any CPU.ActiveCfg = Debug|Any CPU
		{CD964735-A052-86C4-78C0-45E83C3EBD37}.Debug|Any CPU.Build.0 = Debug|Any CPU
		{CD964735-A052-86C4-78C0-45E83C3EBD37}.Release|Any CPU.ActiveCfg = Release|Any CPU
		{CD964735-A052-86C4-78C0-45E83C3EBD37}.Release|Any CPU.Build.0 = Release|Any CPU
		{85409AED-786B-18D3-031E-C95FA7E978BA}.Debug|Any CPU.ActiveCfg = Debug|Any CPU
		{85409AED-786B-18D3-031E-C95FA7E978BA}.Debug|Any CPU.Build.0 = Debug|Any CPU
		{85409AED-786B-18D3-031E-C95FA7E978BA}.Release|Any CPU.ActiveCfg = Release|Any CPU
		{85409AED-786B-18D3-031E-C95FA7E978BA}.Release|Any CPU.Build.0 = Release|Any CPU
		{0F27F229-844B-9FCF-3FFB-2014F8D95B61}.Debug|Any CPU.ActiveCfg = Debug|Any CPU
		{0F27F229-844B-9FCF-3FFB-2014F8D95B61}.Debug|Any CPU.Build.0 = Debug|Any CPU
		{0F27F229-844B-9FCF-3FFB-2014F8D95B61}.Release|Any CPU.ActiveCfg = Release|Any CPU
		{0F27F229-844B-9FCF-3FFB-2014F8D95B61}.Release|Any CPU.Build.0 = Release|Any CPU
	EndGlobalSection
	GlobalSection(SolutionProperties) = preSolution
		HideSolutionNode = FALSE
	EndGlobalSection
	GlobalSection(MonoDevelopProperties) = preSolution
		StartupItem = Assembly-CSharp.csproj
	EndGlobalSection
EndGlobal
